
Microsoft Visual Studio Solution File, Format Version 11.00
# Visual Studio 2010
Project("{FAE04EC0-301F-11D3-BF4B-00C04F79EFBC}") = "YAUVF", "Assembly-CSharp.csproj", "{79B01569-904C-9506-FB08-B37A3ABEF6D7}"
EndProject
Project("{FAE04EC0-301F-11D3-BF4B-00C04F79EFBC}") = "YAUVF", "Assembly-CSharp-firstpass.csproj", "{F38C315E-52E3-86A8-5B9D-FA113EBDB962}"
EndProject
Project("{FAE04EC0-301F-11D3-BF4B-00C04F79EFBC}") = "YAUVF", "BakeryRuntimeAssembly.csproj", "{BC5B08D3-4F2F-788C-9EF7-FA9173D6D837}"
EndProject
Project("{FAE04EC0-301F-11D3-BF4B-00C04F79EFBC}") = "YAUVF", "BakeryEditorAssembly.csproj", "{B730F8B2-3AF4-E786-0D46-2763E68090DE}"
EndProject
Project("{FAE04EC0-301F-11D3-BF4B-00C04F79EFBC}") = "YAUVF", "Assembly-CSharp-Editor.csproj", "{7A7BCAF5-CC04-124C-EA90-9CBDB0C0A9EF}"
EndProject
Project("{FAE04EC0-301F-11D3-BF4B-00C04F79EFBC}") = "YAUVF", "Assembly-CSharp-Editor-firstpass.csproj", "{C2C45E46-C3B2-893B-A886-CC7F3CE4CC3D}"
EndProject
Global
	GlobalSection(SolutionConfigurationPlatforms) = preSolution
		Debug|Any CPU = Debug|Any CPU
		Release|Any CPU = Release|Any CPU
	EndGlobalSection
	GlobalSection(ProjectConfigurationPlatforms) = postSolution
		{79B01569-904C-9506-FB08-B37A3ABEF6D7}.Debug|Any CPU.ActiveCfg = Debug|Any CPU
		{79B01569-904C-9506-FB08-B37A3ABEF6D7}.Debug|Any CPU.Build.0 = Debug|Any CPU
		{79B01569-904C-9506-FB08-B37A3ABEF6D7}.Release|Any CPU.ActiveCfg = Release|Any CPU
		{79B01569-904C-9506-FB08-B37A3ABEF6D7}.Release|Any CPU.Build.0 = Release|Any CPU
		{F38C315E-52E3-86A8-5B9D-FA113EBDB962}.Debug|Any CPU.ActiveCfg = Debug|Any CPU
		{F38C315E-52E3-86A8-5B9D-FA113EBDB962}.Debug|Any CPU.Build.0 = Debug|Any CPU
		{F38C315E-52E3-86A8-5B9D-FA113EBDB962}.Release|Any CPU.ActiveCfg = Release|Any CPU
		{F38C315E-52E3-86A8-5B9D-FA113EBDB962}.Release|Any CPU.Build.0 = Release|Any CPU
		{BC5B08D3-4F2F-788C-9EF7-FA9173D6D837}.Debug|Any CPU.ActiveCfg = Debug|Any CPU
		{BC5B08D3-4F2F-788C-9EF7-FA9173D6D837}.Debug|Any CPU.Build.0 = Debug|Any CPU
		{BC5B08D3-4F2F-788C-9EF7-FA9173D6D837}.Release|Any CPU.ActiveCfg = Release|Any CPU
		{BC5B08D3-4F2F-788C-9EF7-FA9173D6D837}.Release|Any CPU.Build.0 = Release|Any CPU
		{B730F8B2-3AF4-E786-0D46-2763E68090DE}.Debug|Any CPU.ActiveCfg = Debug|Any CPU
		{B730F8B2-3AF4-E786-0D46-2763E68090DE}.Debug|Any CPU.Build.0 = Debug|Any CPU
		{B730F8B2-3AF4-E786-0D46-2763E68090DE}.Release|Any CPU.ActiveCfg = Release|Any CPU
		{B730F8B2-3AF4-E786-0D46-2763E68090DE}.Release|Any CPU.Build.0 = Release|Any CPU
		{7A7BCAF5-CC04-124C-EA90-9CBDB0C0A9EF}.Debug|Any CPU.ActiveCfg = Debug|Any CPU
		{7A7BCAF5-CC04-124C-EA90-9CBDB0C0A9EF}.Debug|Any CPU.Build.0 = Debug|Any CPU
		{7A7BCAF5-CC04-124C-EA90-9CBDB0C0A9EF}.Release|Any CPU.ActiveCfg = Release|Any CPU
		{7A7BCAF5-CC04-124C-EA90-9CBDB0C0A9EF}.Release|Any CPU.Build.0 = Release|Any CPU
		{C2C45E46-C3B2-893B-A886-CC7F3CE4CC3D}.Debug|Any CPU.ActiveCfg = Debug|Any CPU
		{C2C45E46-C3B2-893B-A886-CC7F3CE4CC3D}.Debug|Any CPU.Build.0 = Debug|Any CPU
		{C2C45E46-C3B2-893B-A886-CC7F3CE4CC3D}.Release|Any CPU.ActiveCfg = Release|Any CPU
		{C2C45E46-C3B2-893B-A886-CC7F3CE4CC3D}.Release|Any CPU.Build.0 = Release|Any CPU
	EndGlobalSection
	GlobalSection(SolutionProperties) = preSolution
		HideSolutionNode = FALSE
	EndGlobalSection
	GlobalSection(MonoDevelopProperties) = preSolution
		StartupItem = Assembly-CSharp.csproj
	EndGlobalSection
EndGlobal
